
Microsoft Visual Studio Solution File, Format Version 12.00
# Visual Studio Version 17
VisualStudioVersion = 17.4.33205.214
MinimumVisualStudioVersion = 10.0.40219.1
Project("{9A19103F-16F7-4668-BE54-9A1E7A4F7556}") = "POCWebApp", "POCWebApp\POCWebApp.csproj", "{42D1D76B-2A2F-4E20-BE28-78637EB85187}"
EndProject
Project("{2150E333-8FDC-42A3-9474-1A3956D46DE8}") = "DataLayer", "DataLayer", "{3C7D3BD0-0049-49E8-B9B8-F752978820DE}"
EndProject
Project("{FAE04EC0-301F-11D3-BF4B-00C04F79EFBC}") = "POCWebAPI", "POCWebAPI\POCWebAPI.csproj", "{23B5C16F-ED95-48D2-A065-087F22403DD1}"
EndProject
Global
	GlobalSection(SolutionConfigurationPlatforms) = preSolution
		Debug|Any CPU = Debug|Any CPU
		Release|Any CPU = Release|Any CPU
	EndGlobalSection
	GlobalSection(ProjectConfigurationPlatforms) = postSolution
		{42D1D76B-2A2F-4E20-BE28-78637EB85187}.Debug|Any CPU.ActiveCfg = Debug|Any CPU
		{42D1D76B-2A2F-4E20-BE28-78637EB85187}.Debug|Any CPU.Build.0 = Debug|Any CPU
		{42D1D76B-2A2F-4E20-BE28-78637EB85187}.Release|Any CPU.ActiveCfg = Release|Any CPU
		{42D1D76B-2A2F-4E20-BE28-78637EB85187}.Release|Any CPU.Build.0 = Release|Any CPU
		{23B5C16F-ED95-48D2-A065-087F22403DD1}.Debug|Any CPU.ActiveCfg = Debug|Any CPU
		{23B5C16F-ED95-48D2-A065-087F22403DD1}.Debug|Any CPU.Build.0 = Debug|Any CPU
		{23B5C16F-ED95-48D2-A065-087F22403DD1}.Release|Any CPU.ActiveCfg = Release|Any CPU
		{23B5C16F-ED95-48D2-A065-087F22403DD1}.Release|Any CPU.Build.0 = Release|Any CPU
	EndGlobalSection
	GlobalSection(SolutionProperties) = preSolution
		HideSolutionNode = FALSE
	EndGlobalSection
	GlobalSection(NestedProjects) = preSolution
		{23B5C16F-ED95-48D2-A065-087F22403DD1} = {3C7D3BD0-0049-49E8-B9B8-F752978820DE}
	EndGlobalSection
	GlobalSection(ExtensibilityGlobals) = postSolution
		SolutionGuid = {2FE12573-1ADF-4E86-87DF-ADB12B5BFD0B}
	EndGlobalSection
EndGlobal
